Microsoft Visual Studio Solution File, Format Version 12.00
# Visual Studio 2012
Project("{FAE04EC0-301F-11D3-BF4B-00C04F79EFBC}") = "jamgame", "jamgame.csproj", "{0057C902-1C1A-4F1B-B4F2-5F4902AEECFB}"
EndProject
Global
	GlobalSection(SolutionConfigurationPlatforms) = preSolution
	Debug|Any CPU = Debug|Any CPU
	ExportDebug|Any CPU = ExportDebug|Any CPU
	ExportRelease|Any CPU = ExportRelease|Any CPU
	EndGlobalSection
	GlobalSection(ProjectConfigurationPlatforms) = postSolution
		{0057C902-1C1A-4F1B-B4F2-5F4902AEECFB}.Debug|Any CPU.ActiveCfg = Debug|Any CPU
		{0057C902-1C1A-4F1B-B4F2-5F4902AEECFB}.Debug|Any CPU.Build.0 = Debug|Any CPU
		{0057C902-1C1A-4F1B-B4F2-5F4902AEECFB}.ExportDebug|Any CPU.ActiveCfg = ExportDebug|Any CPU
		{0057C902-1C1A-4F1B-B4F2-5F4902AEECFB}.ExportDebug|Any CPU.Build.0 = ExportDebug|Any CPU
		{0057C902-1C1A-4F1B-B4F2-5F4902AEECFB}.ExportRelease|Any CPU.ActiveCfg = ExportRelease|Any CPU
		{0057C902-1C1A-4F1B-B4F2-5F4902AEECFB}.ExportRelease|Any CPU.Build.0 = ExportRelease|Any CPU
	EndGlobalSection
EndGlobal
